
Microsoft Visual Studio Solution File, Format Version 12.00
# Visual Studio Version 17
VisualStudioVersion = 17.2.32616.157
MinimumVisualStudioVersion = 10.0.40219.1
Project("{FAE04EC0-301F-11D3-BF4B-00C04F79EFBC}") = "RabbitMQProducer", "RabbitMQProducer\RabbitMQProducer.csproj", "{325BCDC9-DA40-4A71-93EA-588AB1EB9C11}"
EndProject
Project("{FAE04EC0-301F-11D3-BF4B-00C04F79EFBC}") = "RabbitMQConsumer", "RabbitMQConsumer\RabbitMQConsumer.csproj", "{1C3DF604-72D6-422B-A33A-9975950669D6}"
EndProject
Global
	GlobalSection(SolutionConfigurationPlatforms) = preSolution
		Debug|Any CPU = Debug|Any CPU
		Release|Any CPU = Release|Any CPU
	EndGlobalSection
	GlobalSection(ProjectConfigurationPlatforms) = postSolution
		{325BCDC9-DA40-4A71-93EA-588AB1EB9C11}.Debug|Any CPU.ActiveCfg = Debug|Any CPU
		{325BCDC9-DA40-4A71-93EA-588AB1EB9C11}.Debug|Any CPU.Build.0 = Debug|Any CPU
		{325BCDC9-DA40-4A71-93EA-588AB1EB9C11}.Release|Any CPU.ActiveCfg = Release|Any CPU
		{325BCDC9-DA40-4A71-93EA-588AB1EB9C11}.Release|Any CPU.Build.0 = Release|Any CPU
		{1C3DF604-72D6-422B-A33A-9975950669D6}.Debug|Any CPU.ActiveCfg = Debug|Any CPU
		{1C3DF604-72D6-422B-A33A-9975950669D6}.Debug|Any CPU.Build.0 = Debug|Any CPU
		{1C3DF604-72D6-422B-A33A-9975950669D6}.Release|Any CPU.ActiveCfg = Release|Any CPU
		{1C3DF604-72D6-422B-A33A-9975950669D6}.Release|Any CPU.Build.0 = Release|Any CPU
	EndGlobalSection
	GlobalSection(SolutionProperties) = preSolution
		HideSolutionNode = FALSE
	EndGlobalSection
	GlobalSection(ExtensibilityGlobals) = postSolution
		SolutionGuid = {716A74DF-E3F2-42D3-9454-4B9B66FC893B}
	EndGlobalSection
EndGlobal
